{
    "name": "@noodle-graph/cli",
    "version": "0.0.0",
    "lockfileVersion": 2,
    "requires": true,
    "packages": {
        "": {
            "name": "@noodle-graph/cli",
            "version": "0.0.0",
            "devDependencies": {},
            "engines": {
                "node": ">=16"
            }
        }
    }
}
